
Microsoft Visual Studio Solution File, Format Version 12.00
# Visual Studio 15
VisualStudioVersion = 15.0.27130.2024
MinimumVisualStudioVersion = 10.0.40219.1
Project("{8BC9CEB8-8B4A-11D0-8D11-00A0C91BC942}") = "gopigo3hw", "..\gopigo3\gopigo3hw\gopigo3hw.vcxproj", "{2539C1FD-38D5-4E85-BECF-41104DAB0285}"
EndProject
Project("{8BC9CEB8-8B4A-11D0-8D11-00A0C91BC942}") = "gopigo3frc", "..\gopigo3\gopigo3frc\GoPiGoFRC.vcxproj", "{3DF61047-9F8A-41F1-8F95-AE23CBD3B0D2}"
	ProjectSection(ProjectDependencies) = postProject
		{66703D9D-9374-4E83-BE4A-0C0FD915D59A} = {66703D9D-9374-4E83-BE4A-0C0FD915D59A}
		{2539C1FD-38D5-4E85-BECF-41104DAB0285} = {2539C1FD-38D5-4E85-BECF-41104DAB0285}
	EndProjectSection
EndProject
Project("{8BC9CEB8-8B4A-11D0-8D11-00A0C91BC942}") = "gopigo3navx", "..\gopigo3\gopigo3navx\gopigo3navx.vcxproj", "{6E9D9CA5-BDC0-467E-BFDC-E5CF12131C25}"
	ProjectSection(ProjectDependencies) = postProject
		{3DF61047-9F8A-41F1-8F95-AE23CBD3B0D2} = {3DF61047-9F8A-41F1-8F95-AE23CBD3B0D2}
	EndProjectSection
EndProject
Project("{8BC9CEB8-8B4A-11D0-8D11-00A0C91BC942}") = "xerolib", "..\common\xerolib\xerolib.vcxproj", "{D209EB32-4734-4437-BC69-30F2B01616BA}"
	ProjectSection(ProjectDependencies) = postProject
		{3DF61047-9F8A-41F1-8F95-AE23CBD3B0D2} = {3DF61047-9F8A-41F1-8F95-AE23CBD3B0D2}
		{6E9D9CA5-BDC0-467E-BFDC-E5CF12131C25} = {6E9D9CA5-BDC0-467E-BFDC-E5CF12131C25}
	EndProjectSection
EndProject
Project("{8BC9CEB8-8B4A-11D0-8D11-00A0C91BC942}") = "gopigo3robot", "gopigo3robot.vcxproj", "{736F5F78-16E3-45A0-A2E9-F484F5F0E105}"
	ProjectSection(ProjectDependencies) = postProject
		{D209EB32-4734-4437-BC69-30F2B01616BA} = {D209EB32-4734-4437-BC69-30F2B01616BA}
	EndProjectSection
EndProject
Project("{8BC9CEB8-8B4A-11D0-8D11-00A0C91BC942}") = "gopigo3imisc", "..\common\misc\gopigo3imisc.vcxproj", "{66703D9D-9374-4E83-BE4A-0C0FD915D59A}"
EndProject
Global
	GlobalSection(SolutionConfigurationPlatforms) = preSolution
		Debug|ARM = Debug|ARM
		Debug|x64 = Debug|x64
		Debug|x86 = Debug|x86
		Release|ARM = Release|ARM
		Release|x64 = Release|x64
		Release|x86 = Release|x86
	EndGlobalSection
	GlobalSection(ProjectConfigurationPlatforms) = postSolution
		{2539C1FD-38D5-4E85-BECF-41104DAB0285}.Debug|ARM.ActiveCfg = Debug|ARM
		{2539C1FD-38D5-4E85-BECF-41104DAB0285}.Debug|ARM.Build.0 = Debug|ARM
		{2539C1FD-38D5-4E85-BECF-41104DAB0285}.Debug|x64.ActiveCfg = Debug|ARM
		{2539C1FD-38D5-4E85-BECF-41104DAB0285}.Debug|x86.ActiveCfg = Debug|ARM
		{2539C1FD-38D5-4E85-BECF-41104DAB0285}.Release|ARM.ActiveCfg = Release|ARM
		{2539C1FD-38D5-4E85-BECF-41104DAB0285}.Release|ARM.Build.0 = Release|ARM
		{2539C1FD-38D5-4E85-BECF-41104DAB0285}.Release|x64.ActiveCfg = Release|ARM
		{2539C1FD-38D5-4E85-BECF-41104DAB0285}.Release|x86.ActiveCfg = Release|ARM
		{3DF61047-9F8A-41F1-8F95-AE23CBD3B0D2}.Debug|ARM.ActiveCfg = Debug|ARM
		{3DF61047-9F8A-41F1-8F95-AE23CBD3B0D2}.Debug|ARM.Build.0 = Debug|ARM
		{3DF61047-9F8A-41F1-8F95-AE23CBD3B0D2}.Debug|x64.ActiveCfg = Debug|ARM
		{3DF61047-9F8A-41F1-8F95-AE23CBD3B0D2}.Debug|x86.ActiveCfg = Debug|ARM
		{3DF61047-9F8A-41F1-8F95-AE23CBD3B0D2}.Release|ARM.ActiveCfg = Release|ARM
		{3DF61047-9F8A-41F1-8F95-AE23CBD3B0D2}.Release|ARM.Build.0 = Release|ARM
		{3DF61047-9F8A-41F1-8F95-AE23CBD3B0D2}.Release|x64.ActiveCfg = Release|ARM
		{3DF61047-9F8A-41F1-8F95-AE23CBD3B0D2}.Release|x86.ActiveCfg = Release|ARM
		{6E9D9CA5-BDC0-467E-BFDC-E5CF12131C25}.Debug|ARM.ActiveCfg = Debug|ARM
		{6E9D9CA5-BDC0-467E-BFDC-E5CF12131C25}.Debug|ARM.Build.0 = Debug|ARM
		{6E9D9CA5-BDC0-467E-BFDC-E5CF12131C25}.Debug|x64.ActiveCfg = Debug|ARM
		{6E9D9CA5-BDC0-467E-BFDC-E5CF12131C25}.Debug|x86.ActiveCfg = Debug|ARM
		{6E9D9CA5-BDC0-467E-BFDC-E5CF12131C25}.Release|ARM.ActiveCfg = Release|ARM
		{6E9D9CA5-BDC0-467E-BFDC-E5CF12131C25}.Release|ARM.Build.0 = Release|ARM
		{6E9D9CA5-BDC0-467E-BFDC-E5CF12131C25}.Release|x64.ActiveCfg = Release|ARM
		{6E9D9CA5-BDC0-467E-BFDC-E5CF12131C25}.Release|x86.ActiveCfg = Release|ARM
		{D209EB32-4734-4437-BC69-30F2B01616BA}.Debug|ARM.ActiveCfg = Debug|ARM
		{D209EB32-4734-4437-BC69-30F2B01616BA}.Debug|ARM.Build.0 = Debug|ARM
		{D209EB32-4734-4437-BC69-30F2B01616BA}.Debug|x64.ActiveCfg = Debug|x64
		{D209EB32-4734-4437-BC69-30F2B01616BA}.Debug|x64.Build.0 = Debug|x64
		{D209EB32-4734-4437-BC69-30F2B01616BA}.Debug|x86.ActiveCfg = Debug|x86
		{D209EB32-4734-4437-BC69-30F2B01616BA}.Debug|x86.Build.0 = Debug|x86
		{D209EB32-4734-4437-BC69-30F2B01616BA}.Release|ARM.ActiveCfg = Release|ARM
		{D209EB32-4734-4437-BC69-30F2B01616BA}.Release|ARM.Build.0 = Release|ARM
		{D209EB32-4734-4437-BC69-30F2B01616BA}.Release|x64.ActiveCfg = Release|x64
		{D209EB32-4734-4437-BC69-30F2B01616BA}.Release|x64.Build.0 = Release|x64
		{D209EB32-4734-4437-BC69-30F2B01616BA}.Release|x86.ActiveCfg = Release|x86
		{D209EB32-4734-4437-BC69-30F2B01616BA}.Release|x86.Build.0 = Release|x86
		{736F5F78-16E3-45A0-A2E9-F484F5F0E105}.Debug|ARM.ActiveCfg = Debug|ARM
		{736F5F78-16E3-45A0-A2E9-F484F5F0E105}.Debug|ARM.Build.0 = Debug|ARM
		{736F5F78-16E3-45A0-A2E9-F484F5F0E105}.Debug|x64.ActiveCfg = Debug|ARM
		{736F5F78-16E3-45A0-A2E9-F484F5F0E105}.Debug|x86.ActiveCfg = Debug|ARM
		{736F5F78-16E3-45A0-A2E9-F484F5F0E105}.Release|ARM.ActiveCfg = Release|ARM
		{736F5F78-16E3-45A0-A2E9-F484F5F0E105}.Release|ARM.Build.0 = Release|ARM
		{736F5F78-16E3-45A0-A2E9-F484F5F0E105}.Release|x64.ActiveCfg = Release|ARM
		{736F5F78-16E3-45A0-A2E9-F484F5F0E105}.Release|x86.ActiveCfg = Release|ARM
		{66703D9D-9374-4E83-BE4A-0C0FD915D59A}.Debug|ARM.ActiveCfg = Debug|ARM
		{66703D9D-9374-4E83-BE4A-0C0FD915D59A}.Debug|ARM.Build.0 = Debug|ARM
		{66703D9D-9374-4E83-BE4A-0C0FD915D59A}.Debug|x64.ActiveCfg = Debug|x64
		{66703D9D-9374-4E83-BE4A-0C0FD915D59A}.Debug|x64.Build.0 = Debug|x64
		{66703D9D-9374-4E83-BE4A-0C0FD915D59A}.Debug|x86.ActiveCfg = Debug|x86
		{66703D9D-9374-4E83-BE4A-0C0FD915D59A}.Debug|x86.Build.0 = Debug|x86
		{66703D9D-9374-4E83-BE4A-0C0FD915D59A}.Release|ARM.ActiveCfg = Release|ARM
		{66703D9D-9374-4E83-BE4A-0C0FD915D59A}.Release|ARM.Build.0 = Release|ARM
		{66703D9D-9374-4E83-BE4A-0C0FD915D59A}.Release|x64.ActiveCfg = Release|x64
		{66703D9D-9374-4E83-BE4A-0C0FD915D59A}.Release|x64.Build.0 = Release|x64
		{66703D9D-9374-4E83-BE4A-0C0FD915D59A}.Release|x86.ActiveCfg = Release|x86
		{66703D9D-9374-4E83-BE4A-0C0FD915D59A}.Release|x86.Build.0 = Release|x86
	EndGlobalSection
	GlobalSection(SolutionProperties) = preSolution
		HideSolutionNode = FALSE
	EndGlobalSection
	GlobalSection(ExtensibilityGlobals) = postSolution
		SolutionGuid = {B9ADEBA1-67EE-4E2D-92F6-16780F7A83C5}
	EndGlobalSection
EndGlobal
