
Microsoft Visual Studio Solution File, Format Version 12.00
# Visual Studio 15
VisualStudioVersion = 15.0.27130.2024
MinimumVisualStudioVersion = 10.0.40219.1
Project("{8BC9CEB8-8B4A-11D0-8D11-00A0C91BC942}") = "simfrc", "simfrc\simfrc.vcxproj", "{8B51466E-DC3D-4489-B7CC-C442F52CAD33}"
EndProject
Project("{8BC9CEB8-8B4A-11D0-8D11-00A0C91BC942}") = "simrobot", "simrobot\simrobot.vcxproj", "{629CFBE6-963F-45C1-982C-D9734F6E1006}"
	ProjectSection(ProjectDependencies) = postProject
		{8B51466E-DC3D-4489-B7CC-C442F52CAD33} = {8B51466E-DC3D-4489-B7CC-C442F52CAD33}
		{D8462B96-9FA4-4C9B-9DA0-D6E22BC9461E} = {D8462B96-9FA4-4C9B-9DA0-D6E22BC9461E}
		{23A1E0E6-702E-46A1-8E40-B7208E3C02B7} = {23A1E0E6-702E-46A1-8E40-B7208E3C02B7}
	EndProjectSection
EndProject
Project("{8BC9CEB8-8B4A-11D0-8D11-00A0C91BC942}") = "simxerolib", "..\common\xerolib\simxerolib.vcxproj", "{23A1E0E6-702E-46A1-8E40-B7208E3C02B7}"
EndProject
Project("{8BC9CEB8-8B4A-11D0-8D11-00A0C91BC942}") = "simjacipath", "..\common\jacispath\simjacipath.vcxproj", "{D8462B96-9FA4-4C9B-9DA0-D6E22BC9461E}"
	ProjectSection(ProjectDependencies) = postProject
		{E2EF1D16-6803-45D8-84BD-225C7EBCD1EA} = {E2EF1D16-6803-45D8-84BD-225C7EBCD1EA}
	EndProjectSection
EndProject
Project("{8BC9CEB8-8B4A-11D0-8D11-00A0C91BC942}") = "jacipathtst", "jacipathtst\jacipathtst.vcxproj", "{7908C531-01B7-4645-BB30-2816A4D3DE01}"
	ProjectSection(ProjectDependencies) = postProject
		{B11F4F41-C2D5-3373-8AC4-77E32F826FF9} = {B11F4F41-C2D5-3373-8AC4-77E32F826FF9}
		{D8462B96-9FA4-4C9B-9DA0-D6E22BC9461E} = {D8462B96-9FA4-4C9B-9DA0-D6E22BC9461E}
	EndProjectSection
EndProject
Project("{8BC9CEB8-8B4A-11D0-8D11-00A0C91BC942}") = "gtest", "..\..\external\googletest\googletest\gtest.vcxproj", "{B11F4F41-C2D5-3373-8AC4-77E32F826FF9}"
EndProject
Project("{8BC9CEB8-8B4A-11D0-8D11-00A0C91BC942}") = "jacipathgen", "jacipathgen\jacipathgen.vcxproj", "{B039A7F6-22C8-4801-9A71-2F1BE0989318}"
	ProjectSection(ProjectDependencies) = postProject
		{D8462B96-9FA4-4C9B-9DA0-D6E22BC9461E} = {D8462B96-9FA4-4C9B-9DA0-D6E22BC9461E}
	EndProjectSection
EndProject
Project("{8BC9CEB8-8B4A-11D0-8D11-00A0C91BC942}") = "simmotion", "..\common\motion\simmotion.vcxproj", "{E2EF1D16-6803-45D8-84BD-225C7EBCD1EA}"
EndProject
Global
	GlobalSection(SolutionConfigurationPlatforms) = preSolution
		Debug|x64 = Debug|x64
		Debug|x86 = Debug|x86
		MinSizeRel|x64 = MinSizeRel|x64
		MinSizeRel|x86 = MinSizeRel|x86
		Release|x64 = Release|x64
		Release|x86 = Release|x86
		RelWithDebInfo|x64 = RelWithDebInfo|x64
		RelWithDebInfo|x86 = RelWithDebInfo|x86
	EndGlobalSection
	GlobalSection(ProjectConfigurationPlatforms) = postSolution
		{8B51466E-DC3D-4489-B7CC-C442F52CAD33}.Debug|x64.ActiveCfg = Debug|x64
		{8B51466E-DC3D-4489-B7CC-C442F52CAD33}.Debug|x64.Build.0 = Debug|x64
		{8B51466E-DC3D-4489-B7CC-C442F52CAD33}.Debug|x86.ActiveCfg = Debug|Win32
		{8B51466E-DC3D-4489-B7CC-C442F52CAD33}.Debug|x86.Build.0 = Debug|Win32
		{8B51466E-DC3D-4489-B7CC-C442F52CAD33}.MinSizeRel|x64.ActiveCfg = Release|x64
		{8B51466E-DC3D-4489-B7CC-C442F52CAD33}.MinSizeRel|x64.Build.0 = Release|x64
		{8B51466E-DC3D-4489-B7CC-C442F52CAD33}.MinSizeRel|x64.Deploy.0 = Release|x64
		{8B51466E-DC3D-4489-B7CC-C442F52CAD33}.MinSizeRel|x86.ActiveCfg = Release|Win32
		{8B51466E-DC3D-4489-B7CC-C442F52CAD33}.MinSizeRel|x86.Build.0 = Release|Win32
		{8B51466E-DC3D-4489-B7CC-C442F52CAD33}.MinSizeRel|x86.Deploy.0 = Release|Win32
		{8B51466E-DC3D-4489-B7CC-C442F52CAD33}.Release|x64.ActiveCfg = Release|x64
		{8B51466E-DC3D-4489-B7CC-C442F52CAD33}.Release|x64.Build.0 = Release|x64
		{8B51466E-DC3D-4489-B7CC-C442F52CAD33}.Release|x86.ActiveCfg = Release|Win32
		{8B51466E-DC3D-4489-B7CC-C442F52CAD33}.Release|x86.Build.0 = Release|Win32
		{8B51466E-DC3D-4489-B7CC-C442F52CAD33}.RelWithDebInfo|x64.ActiveCfg = Release|x64
		{8B51466E-DC3D-4489-B7CC-C442F52CAD33}.RelWithDebInfo|x64.Build.0 = Release|x64
		{8B51466E-DC3D-4489-B7CC-C442F52CAD33}.RelWithDebInfo|x64.Deploy.0 = Release|x64
		{8B51466E-DC3D-4489-B7CC-C442F52CAD33}.RelWithDebInfo|x86.ActiveCfg = Release|Win32
		{8B51466E-DC3D-4489-B7CC-C442F52CAD33}.RelWithDebInfo|x86.Build.0 = Release|Win32
		{8B51466E-DC3D-4489-B7CC-C442F52CAD33}.RelWithDebInfo|x86.Deploy.0 = Release|Win32
		{629CFBE6-963F-45C1-982C-D9734F6E1006}.Debug|x64.ActiveCfg = Debug|x64
		{629CFBE6-963F-45C1-982C-D9734F6E1006}.Debug|x64.Build.0 = Debug|x64
		{629CFBE6-963F-45C1-982C-D9734F6E1006}.Debug|x86.ActiveCfg = Debug|Win32
		{629CFBE6-963F-45C1-982C-D9734F6E1006}.Debug|x86.Build.0 = Debug|Win32
		{629CFBE6-963F-45C1-982C-D9734F6E1006}.MinSizeRel|x64.ActiveCfg = Release|x64
		{629CFBE6-963F-45C1-982C-D9734F6E1006}.MinSizeRel|x64.Build.0 = Release|x64
		{629CFBE6-963F-45C1-982C-D9734F6E1006}.MinSizeRel|x64.Deploy.0 = Release|x64
		{629CFBE6-963F-45C1-982C-D9734F6E1006}.MinSizeRel|x86.ActiveCfg = Release|Win32
		{629CFBE6-963F-45C1-982C-D9734F6E1006}.MinSizeRel|x86.Build.0 = Release|Win32
		{629CFBE6-963F-45C1-982C-D9734F6E1006}.MinSizeRel|x86.Deploy.0 = Release|Win32
		{629CFBE6-963F-45C1-982C-D9734F6E1006}.Release|x64.ActiveCfg = Release|x64
		{629CFBE6-963F-45C1-982C-D9734F6E1006}.Release|x64.Build.0 = Release|x64
		{629CFBE6-963F-45C1-982C-D9734F6E1006}.Release|x86.ActiveCfg = Release|Win32
		{629CFBE6-963F-45C1-982C-D9734F6E1006}.Release|x86.Build.0 = Release|Win32
		{629CFBE6-963F-45C1-982C-D9734F6E1006}.RelWithDebInfo|x64.ActiveCfg = Release|x64
		{629CFBE6-963F-45C1-982C-D9734F6E1006}.RelWithDebInfo|x64.Build.0 = Release|x64
		{629CFBE6-963F-45C1-982C-D9734F6E1006}.RelWithDebInfo|x64.Deploy.0 = Release|x64
		{629CFBE6-963F-45C1-982C-D9734F6E1006}.RelWithDebInfo|x86.ActiveCfg = Release|Win32
		{629CFBE6-963F-45C1-982C-D9734F6E1006}.RelWithDebInfo|x86.Build.0 = Release|Win32
		{629CFBE6-963F-45C1-982C-D9734F6E1006}.RelWithDebInfo|x86.Deploy.0 = Release|Win32
		{23A1E0E6-702E-46A1-8E40-B7208E3C02B7}.Debug|x64.ActiveCfg = Debug|x64
		{23A1E0E6-702E-46A1-8E40-B7208E3C02B7}.Debug|x64.Build.0 = Debug|x64
		{23A1E0E6-702E-46A1-8E40-B7208E3C02B7}.Debug|x86.ActiveCfg = Debug|Win32
		{23A1E0E6-702E-46A1-8E40-B7208E3C02B7}.Debug|x86.Build.0 = Debug|Win32
		{23A1E0E6-702E-46A1-8E40-B7208E3C02B7}.MinSizeRel|x64.ActiveCfg = Release|x64
		{23A1E0E6-702E-46A1-8E40-B7208E3C02B7}.MinSizeRel|x64.Build.0 = Release|x64
		{23A1E0E6-702E-46A1-8E40-B7208E3C02B7}.MinSizeRel|x64.Deploy.0 = Release|x64
		{23A1E0E6-702E-46A1-8E40-B7208E3C02B7}.MinSizeRel|x86.ActiveCfg = Release|Win32
		{23A1E0E6-702E-46A1-8E40-B7208E3C02B7}.MinSizeRel|x86.Build.0 = Release|Win32
		{23A1E0E6-702E-46A1-8E40-B7208E3C02B7}.MinSizeRel|x86.Deploy.0 = Release|Win32
		{23A1E0E6-702E-46A1-8E40-B7208E3C02B7}.Release|x64.ActiveCfg = Release|x64
		{23A1E0E6-702E-46A1-8E40-B7208E3C02B7}.Release|x64.Build.0 = Release|x64
		{23A1E0E6-702E-46A1-8E40-B7208E3C02B7}.Release|x86.ActiveCfg = Release|Win32
		{23A1E0E6-702E-46A1-8E40-B7208E3C02B7}.Release|x86.Build.0 = Release|Win32
		{23A1E0E6-702E-46A1-8E40-B7208E3C02B7}.RelWithDebInfo|x64.ActiveCfg = Release|x64
		{23A1E0E6-702E-46A1-8E40-B7208E3C02B7}.RelWithDebInfo|x64.Build.0 = Release|x64
		{23A1E0E6-702E-46A1-8E40-B7208E3C02B7}.RelWithDebInfo|x64.Deploy.0 = Release|x64
		{23A1E0E6-702E-46A1-8E40-B7208E3C02B7}.RelWithDebInfo|x86.ActiveCfg = Release|Win32
		{23A1E0E6-702E-46A1-8E40-B7208E3C02B7}.RelWithDebInfo|x86.Build.0 = Release|Win32
		{23A1E0E6-702E-46A1-8E40-B7208E3C02B7}.RelWithDebInfo|x86.Deploy.0 = Release|Win32
		{D8462B96-9FA4-4C9B-9DA0-D6E22BC9461E}.Debug|x64.ActiveCfg = Debug|x64
		{D8462B96-9FA4-4C9B-9DA0-D6E22BC9461E}.Debug|x64.Build.0 = Debug|x64
		{D8462B96-9FA4-4C9B-9DA0-D6E22BC9461E}.Debug|x86.ActiveCfg = Debug|Win32
		{D8462B96-9FA4-4C9B-9DA0-D6E22BC9461E}.Debug|x86.Build.0 = Debug|Win32
		{D8462B96-9FA4-4C9B-9DA0-D6E22BC9461E}.MinSizeRel|x64.ActiveCfg = Release|x64
		{D8462B96-9FA4-4C9B-9DA0-D6E22BC9461E}.MinSizeRel|x64.Build.0 = Release|x64
		{D8462B96-9FA4-4C9B-9DA0-D6E22BC9461E}.MinSizeRel|x64.Deploy.0 = Release|x64
		{D8462B96-9FA4-4C9B-9DA0-D6E22BC9461E}.MinSizeRel|x86.ActiveCfg = Release|Win32
		{D8462B96-9FA4-4C9B-9DA0-D6E22BC9461E}.MinSizeRel|x86.Build.0 = Release|Win32
		{D8462B96-9FA4-4C9B-9DA0-D6E22BC9461E}.MinSizeRel|x86.Deploy.0 = Release|Win32
		{D8462B96-9FA4-4C9B-9DA0-D6E22BC9461E}.Release|x64.ActiveCfg = Release|x64
		{D8462B96-9FA4-4C9B-9DA0-D6E22BC9461E}.Release|x64.Build.0 = Release|x64
		{D8462B96-9FA4-4C9B-9DA0-D6E22BC9461E}.Release|x86.ActiveCfg = Release|Win32
		{D8462B96-9FA4-4C9B-9DA0-D6E22BC9461E}.Release|x86.Build.0 = Release|Win32
		{D8462B96-9FA4-4C9B-9DA0-D6E22BC9461E}.RelWithDebInfo|x64.ActiveCfg = Release|x64
		{D8462B96-9FA4-4C9B-9DA0-D6E22BC9461E}.RelWithDebInfo|x64.Build.0 = Release|x64
		{D8462B96-9FA4-4C9B-9DA0-D6E22BC9461E}.RelWithDebInfo|x64.Deploy.0 = Release|x64
		{D8462B96-9FA4-4C9B-9DA0-D6E22BC9461E}.RelWithDebInfo|x86.ActiveCfg = Release|Win32
		{D8462B96-9FA4-4C9B-9DA0-D6E22BC9461E}.RelWithDebInfo|x86.Build.0 = Release|Win32
		{D8462B96-9FA4-4C9B-9DA0-D6E22BC9461E}.RelWithDebInfo|x86.Deploy.0 = Release|Win32
		{7908C531-01B7-4645-BB30-2816A4D3DE01}.Debug|x64.ActiveCfg = Debug|x64
		{7908C531-01B7-4645-BB30-2816A4D3DE01}.Debug|x64.Build.0 = Debug|x64
		{7908C531-01B7-4645-BB30-2816A4D3DE01}.Debug|x86.ActiveCfg = Debug|Win32
		{7908C531-01B7-4645-BB30-2816A4D3DE01}.Debug|x86.Build.0 = Debug|Win32
		{7908C531-01B7-4645-BB30-2816A4D3DE01}.MinSizeRel|x64.ActiveCfg = Release|x64
		{7908C531-01B7-4645-BB30-2816A4D3DE01}.MinSizeRel|x64.Build.0 = Release|x64
		{7908C531-01B7-4645-BB30-2816A4D3DE01}.MinSizeRel|x86.ActiveCfg = Release|Win32
		{7908C531-01B7-4645-BB30-2816A4D3DE01}.MinSizeRel|x86.Build.0 = Release|Win32
		{7908C531-01B7-4645-BB30-2816A4D3DE01}.Release|x64.ActiveCfg = Release|x64
		{7908C531-01B7-4645-BB30-2816A4D3DE01}.Release|x64.Build.0 = Release|x64
		{7908C531-01B7-4645-BB30-2816A4D3DE01}.Release|x86.ActiveCfg = Release|Win32
		{7908C531-01B7-4645-BB30-2816A4D3DE01}.Release|x86.Build.0 = Release|Win32
		{7908C531-01B7-4645-BB30-2816A4D3DE01}.RelWithDebInfo|x64.ActiveCfg = Release|x64
		{7908C531-01B7-4645-BB30-2816A4D3DE01}.RelWithDebInfo|x64.Build.0 = Release|x64
		{7908C531-01B7-4645-BB30-2816A4D3DE01}.RelWithDebInfo|x86.ActiveCfg = Release|Win32
		{7908C531-01B7-4645-BB30-2816A4D3DE01}.RelWithDebInfo|x86.Build.0 = Release|Win32
		{B11F4F41-C2D5-3373-8AC4-77E32F826FF9}.Debug|x64.ActiveCfg = Debug|Win32
		{B11F4F41-C2D5-3373-8AC4-77E32F826FF9}.Debug|x86.ActiveCfg = Debug|Win32
		{B11F4F41-C2D5-3373-8AC4-77E32F826FF9}.Debug|x86.Build.0 = Debug|Win32
		{B11F4F41-C2D5-3373-8AC4-77E32F826FF9}.MinSizeRel|x64.ActiveCfg = MinSizeRel|Win32
		{B11F4F41-C2D5-3373-8AC4-77E32F826FF9}.MinSizeRel|x86.ActiveCfg = MinSizeRel|Win32
		{B11F4F41-C2D5-3373-8AC4-77E32F826FF9}.MinSizeRel|x86.Build.0 = MinSizeRel|Win32
		{B11F4F41-C2D5-3373-8AC4-77E32F826FF9}.Release|x64.ActiveCfg = Release|Win32
		{B11F4F41-C2D5-3373-8AC4-77E32F826FF9}.Release|x86.ActiveCfg = Release|Win32
		{B11F4F41-C2D5-3373-8AC4-77E32F826FF9}.Release|x86.Build.0 = Release|Win32
		{B11F4F41-C2D5-3373-8AC4-77E32F826FF9}.RelWithDebInfo|x64.ActiveCfg = RelWithDebInfo|Win32
		{B11F4F41-C2D5-3373-8AC4-77E32F826FF9}.RelWithDebInfo|x86.ActiveCfg = RelWithDebInfo|Win32
		{B11F4F41-C2D5-3373-8AC4-77E32F826FF9}.RelWithDebInfo|x86.Build.0 = RelWithDebInfo|Win32
		{B039A7F6-22C8-4801-9A71-2F1BE0989318}.Debug|x64.ActiveCfg = Debug|x64
		{B039A7F6-22C8-4801-9A71-2F1BE0989318}.Debug|x64.Build.0 = Debug|x64
		{B039A7F6-22C8-4801-9A71-2F1BE0989318}.Debug|x86.ActiveCfg = Debug|Win32
		{B039A7F6-22C8-4801-9A71-2F1BE0989318}.Debug|x86.Build.0 = Debug|Win32
		{B039A7F6-22C8-4801-9A71-2F1BE0989318}.MinSizeRel|x64.ActiveCfg = Release|x64
		{B039A7F6-22C8-4801-9A71-2F1BE0989318}.MinSizeRel|x64.Build.0 = Release|x64
		{B039A7F6-22C8-4801-9A71-2F1BE0989318}.MinSizeRel|x86.ActiveCfg = Release|Win32
		{B039A7F6-22C8-4801-9A71-2F1BE0989318}.MinSizeRel|x86.Build.0 = Release|Win32
		{B039A7F6-22C8-4801-9A71-2F1BE0989318}.Release|x64.ActiveCfg = Release|x64
		{B039A7F6-22C8-4801-9A71-2F1BE0989318}.Release|x64.Build.0 = Release|x64
		{B039A7F6-22C8-4801-9A71-2F1BE0989318}.Release|x86.ActiveCfg = Release|Win32
		{B039A7F6-22C8-4801-9A71-2F1BE0989318}.Release|x86.Build.0 = Release|Win32
		{B039A7F6-22C8-4801-9A71-2F1BE0989318}.RelWithDebInfo|x64.ActiveCfg = Release|x64
		{B039A7F6-22C8-4801-9A71-2F1BE0989318}.RelWithDebInfo|x64.Build.0 = Release|x64
		{B039A7F6-22C8-4801-9A71-2F1BE0989318}.RelWithDebInfo|x86.ActiveCfg = Release|Win32
		{B039A7F6-22C8-4801-9A71-2F1BE0989318}.RelWithDebInfo|x86.Build.0 = Release|Win32
		{E2EF1D16-6803-45D8-84BD-225C7EBCD1EA}.Debug|x64.ActiveCfg = Debug|x64
		{E2EF1D16-6803-45D8-84BD-225C7EBCD1EA}.Debug|x64.Build.0 = Debug|x64
		{E2EF1D16-6803-45D8-84BD-225C7EBCD1EA}.Debug|x86.ActiveCfg = Debug|Win32
		{E2EF1D16-6803-45D8-84BD-225C7EBCD1EA}.Debug|x86.Build.0 = Debug|Win32
		{E2EF1D16-6803-45D8-84BD-225C7EBCD1EA}.MinSizeRel|x64.ActiveCfg = Release|x64
		{E2EF1D16-6803-45D8-84BD-225C7EBCD1EA}.MinSizeRel|x64.Build.0 = Release|x64
		{E2EF1D16-6803-45D8-84BD-225C7EBCD1EA}.MinSizeRel|x86.ActiveCfg = Release|Win32
		{E2EF1D16-6803-45D8-84BD-225C7EBCD1EA}.MinSizeRel|x86.Build.0 = Release|Win32
		{E2EF1D16-6803-45D8-84BD-225C7EBCD1EA}.Release|x64.ActiveCfg = Release|x64
		{E2EF1D16-6803-45D8-84BD-225C7EBCD1EA}.Release|x64.Build.0 = Release|x64
		{E2EF1D16-6803-45D8-84BD-225C7EBCD1EA}.Release|x86.ActiveCfg = Release|Win32
		{E2EF1D16-6803-45D8-84BD-225C7EBCD1EA}.Release|x86.Build.0 = Release|Win32
		{E2EF1D16-6803-45D8-84BD-225C7EBCD1EA}.RelWithDebInfo|x64.ActiveCfg = Release|x64
		{E2EF1D16-6803-45D8-84BD-225C7EBCD1EA}.RelWithDebInfo|x64.Build.0 = Release|x64
		{E2EF1D16-6803-45D8-84BD-225C7EBCD1EA}.RelWithDebInfo|x86.ActiveCfg = Release|Win32
		{E2EF1D16-6803-45D8-84BD-225C7EBCD1EA}.RelWithDebInfo|x86.Build.0 = Release|Win32
	EndGlobalSection
	GlobalSection(SolutionProperties) = preSolution
		HideSolutionNode = FALSE
	EndGlobalSection
	GlobalSection(ExtensibilityGlobals) = postSolution
		SolutionGuid = {5FF0AD58-E680-4C07-9CDA-504D7BA1C171}
	EndGlobalSection
EndGlobal
